// !$*UTF8*$!
{
	archiveVersion = 1;
	classes = {
	};
	objectVersion = 56;
	objects = {

/* Begin PBXBuildFile section */
		DC075014294E19A700BB3534 /* Colors.swift in Sources */ = {isa = PBXBuildFile; fileRef = DC075013294E19A700BB3534 /* Colors.swift */; };
		DC9CF2A12976F4F500F41657 /* HomeView.swift in Sources */ = {isa = PBXBuildFile; fileRef = DC9CF2A02976F4F500F41657 /* HomeView.swift */; };
		DC9CF2A52976F64D00F41657 /* CircleButtonView.swift in Sources */ = {isa = PBXBuildFile; fileRef = DC9CF2A42976F64D00F41657 /* CircleButtonView.swift */; };
		DC9CF2AC2980324C00F41657 /* CircleButtonAnimationView.swift in Sources */ = {isa = PBXBuildFile; fileRef = DC9CF2AB2980324C00F41657 /* CircleButtonAnimationView.swift */; };
		DC9CF2AF29852F2600F41657 /* CoinModel.swift in Sources */ = {isa = PBXBuildFile; fileRef = DC9CF2AE29852F2600F41657 /* CoinModel.swift */; };
		DCFE6E34293F9B8800C4F23E /* SwiftUI_Crypto_2App.swift in Sources */ = {isa = PBXBuildFile; fileRef = DCFE6E33293F9B8800C4F23E /* SwiftUI_Crypto_2App.swift */; };
		DCFE6E36293F9B8800C4F23E /* ContentView.swift in Sources */ = {isa = PBXBuildFile; fileRef = DCFE6E35293F9B8800C4F23E /* ContentView.swift */; };
		DCFE6E38293F9B8B00C4F23E /* Assets.xcassets in Resources */ = {isa = PBXBuildFile; fileRef = DCFE6E37293F9B8B00C4F23E /* Assets.xcassets */; };
		DCFE6E3B293F9B8B00C4F23E /* Preview Assets.xcassets in Resources */ = {isa = PBXBuildFile; fileRef = DCFE6E3A293F9B8B00C4F23E /* Preview Assets.xcassets */; };
/* End PBXBuildFile section */

/* Begin PBXFileReference section */
		DC075013294E19A700BB3534 /* Colors.swift */ = {isa = PBXFileReference; lastKnownFileType = sourcecode.swift; path = Colors.swift; sourceTree = "<group>"; };
		DC9CF2A02976F4F500F41657 /* HomeView.swift */ = {isa = PBXFileReference; lastKnownFileType = sourcecode.swift; path = HomeView.swift; sourceTree = "<group>"; };
		DC9CF2A42976F64D00F41657 /* CircleButtonView.swift */ = {isa = PBXFileReference; lastKnownFileType = sourcecode.swift; path = CircleButtonView.swift; sourceTree = "<group>"; };
		DC9CF2AB2980324C00F41657 /* CircleButtonAnimationView.swift */ = {isa = PBXFileReference; lastKnownFileType = sourcecode.swift; path = CircleButtonAnimationView.swift; sourceTree = "<group>"; };
		DC9CF2AE29852F2600F41657 /* CoinModel.swift */ = {isa = PBXFileReference; lastKnownFileType = sourcecode.swift; path = CoinModel.swift; sourceTree = "<group>"; };
		DCFE6E30293F9B8800C4F23E /* SwiftUI Crypto#2.app */ = {isa = PBXFileReference; explicitFileType = wrapper.application; includeInIndex = 0; path = "SwiftUI Crypto#2.app"; sourceTree = BUILT_PRODUCTS_DIR; };
		DCFE6E33293F9B8800C4F23E /* SwiftUI_Crypto_2App.swift */ = {isa = PBXFileReference; lastKnownFileType = sourcecode.swift; path = SwiftUI_Crypto_2App.swift; sourceTree = "<group>"; };
		DCFE6E35293F9B8800C4F23E /* ContentView.swift */ = {isa = PBXFileReference; lastKnownFileType = sourcecode.swift; path = ContentView.swift; sourceTree = "<group>"; };
		DCFE6E37293F9B8B00C4F23E /* Assets.xcassets */ = {isa = PBXFileReference; lastKnownFileType = folder.assetcatalog; path = Assets.xcassets; sourceTree = "<group>"; };
		DCFE6E3A293F9B8B00C4F23E /* Preview Assets.xcassets */ = {isa = PBXFileReference; lastKnownFileType = folder.assetcatalog; path = "Preview Assets.xcassets"; sourceTree = "<group>"; };
/* End PBXFileReference section */

/* Begin PBXFrameworksBuildPhase section */
		DCFE6E2D293F9B8800C4F23E /* Frameworks */ = {
			isa = PBXFrameworksBuildPhase;
			buildActionMask = 2147483647;
			files = (
			);
			runOnlyForDeploymentPostprocessing = 0;
		};
/* End PBXFrameworksBuildPhase section */

/* Begin PBXGroup section */
		DC075012294E197300BB3534 /* Extensions */ = {
			isa = PBXGroup;
			children = (
				DC075013294E19A700BB3534 /* Colors.swift */,
			);
			path = Extensions;
			sourceTree = "<group>";
		};
		DC9CF29C2976F4CD00F41657 /* Core */ = {
			isa = PBXGroup;
			children = (
				DC9CF2A22976F62700F41657 /* Components */,
				DC9CF29D2976F4D600F41657 /* Home */,
			);
			path = Core;
			sourceTree = "<group>";
		};
		DC9CF29D2976F4D600F41657 /* Home */ = {
			isa = PBXGroup;
			children = (
				DC9CF29F2976F4E600F41657 /* View */,
				DC9CF29E2976F4DC00F41657 /* ViewModel */,
			);
			path = Home;
			sourceTree = "<group>";
		};
		DC9CF29E2976F4DC00F41657 /* ViewModel */ = {
			isa = PBXGroup;
			children = (
			);
			path = ViewModel;
			sourceTree = "<group>";
		};
		DC9CF29F2976F4E600F41657 /* View */ = {
			isa = PBXGroup;
			children = (
				DC9CF2A02976F4F500F41657 /* HomeView.swift */,
			);
			path = View;
			sourceTree = "<group>";
		};
		DC9CF2A22976F62700F41657 /* Components */ = {
			isa = PBXGroup;
			children = (
				DC9CF2A32976F63400F41657 /* CircleButtonView */,
			);
			path = Components;
			sourceTree = "<group>";
		};
		DC9CF2A32976F63400F41657 /* CircleButtonView */ = {
			isa = PBXGroup;
			children = (
				DC9CF2A42976F64D00F41657 /* CircleButtonView.swift */,
				DC9CF2AB2980324C00F41657 /* CircleButtonAnimationView.swift */,
			);
			path = CircleButtonView;
			sourceTree = "<group>";
		};
		DC9CF2AD29852F0D00F41657 /* Models */ = {
			isa = PBXGroup;
			children = (
				DC9CF2AE29852F2600F41657 /* CoinModel.swift */,
			);
			path = Models;
			sourceTree = "<group>";
		};
		DCFE6E27293F9B8800C4F23E = {
			isa = PBXGroup;
			children = (
				DCFE6E32293F9B8800C4F23E /* SwiftUI Crypto#2 */,
				DCFE6E31293F9B8800C4F23E /* Products */,
			);
			sourceTree = "<group>";
		};
		DCFE6E31293F9B8800C4F23E /* Products */ = {
			isa = PBXGroup;
			children = (
				DCFE6E30293F9B8800C4F23E /* SwiftUI Crypto#2.app */,
			);
			name = Products;
			sourceTree = "<group>";
		};
		DCFE6E32293F9B8800C4F23E /* SwiftUI Crypto#2 */ = {
			isa = PBXGroup;
			children = (
				DC9CF2AD29852F0D00F41657 /* Models */,
				DC9CF29C2976F4CD00F41657 /* Core */,
				DC075012294E197300BB3534 /* Extensions */,
				DCFE6E33293F9B8800C4F23E /* SwiftUI_Crypto_2App.swift */,
				DCFE6E35293F9B8800C4F23E /* ContentView.swift */,
				DCFE6E37293F9B8B00C4F23E /* Assets.xcassets */,
				DCFE6E39293F9B8B00C4F23E /* Preview Content */,
			);
			path = "SwiftUI Crypto#2";
			sourceTree = "<group>";
		};
		DCFE6E39293F9B8B00C4F23E /* Preview Content */ = {
			isa = PBXGroup;
			children = (
				DCFE6E3A293F9B8B00C4F23E /* Preview Assets.xcassets */,
			);
			path = "Preview Content";
			sourceTree = "<group>";
		};
/* End PBXGroup section */

/* Begin PBXNativeTarget section */
		DCFE6E2F293F9B8800C4F23E /* SwiftUI Crypto#2 */ = {
			isa = PBXNativeTarget;
			buildConfigurationList = DCFE6E3E293F9B8B00C4F23E /* Build configuration list for PBXNativeTarget "SwiftUI Crypto#2" */;
			buildPhases = (
				DCFE6E2C293F9B8800C4F23E /* Sources */,
				DCFE6E2D293F9B8800C4F23E /* Frameworks */,
				DCFE6E2E293F9B8800C4F23E /* Resources */,
			);
			buildRules = (
			);
			dependencies = (
			);
			name = "SwiftUI Crypto#2";
			productName = "SwiftUI Crypto#2";
			productReference = DCFE6E30293F9B8800C4F23E /* SwiftUI Crypto#2.app */;
			productType = "com.apple.product-type.application";
		};
/* End PBXNativeTarget section */

/* Begin PBXProject section */
		DCFE6E28293F9B8800C4F23E /* Project object */ = {
			isa = PBXProject;
			attributes = {
				BuildIndependentTargetsInParallel = 1;
				LastSwiftUpdateCheck = 1410;
				LastUpgradeCheck = 1410;
				TargetAttributes = {
					DCFE6E2F293F9B8800C4F23E = {
						CreatedOnToolsVersion = 14.1;
					};
				};
			};
			buildConfigurationList = DCFE6E2B293F9B8800C4F23E /* Build configuration list for PBXProject "SwiftUI Crypto#2" */;
			compatibilityVersion = "Xcode 14.0";
			developmentRegion = en;
			hasScannedForEncodings = 0;
			knownRegions = (
				en,
				Base,
			);
			mainGroup = DCFE6E27293F9B8800C4F23E;
			productRefGroup = DCFE6E31293F9B8800C4F23E /* Products */;
			projectDirPath = "";
			projectRoot = "";
			targets = (
				DCFE6E2F293F9B8800C4F23E /* SwiftUI Crypto#2 */,
			);
		};
/* End PBXProject section */

/* Begin PBXResourcesBuildPhase section */
		DCFE6E2E293F9B8800C4F23E /* Resources */ = {
			isa = PBXResourcesBuildPhase;
			buildActionMask = 2147483647;
			files = (
				DCFE6E3B293F9B8B00C4F23E /* Preview Assets.xcassets in Resources */,
				DCFE6E38293F9B8B00C4F23E /* Assets.xcassets in Resources */,
			);
			runOnlyForDeploymentPostprocessing = 0;
		};
/* End PBXResourcesBuildPhase section */

/* Begin PBXSourcesBuildPhase section */
		DCFE6E2C293F9B8800C4F23E /* Sources */ = {
			isa = PBXSourcesBuildPhase;
			buildActionMask = 2147483647;
			files = (
				DCFE6E36293F9B8800C4F23E /* ContentView.swift in Sources */,
				DC9CF2A12976F4F500F41657 /* HomeView.swift in Sources */,
				DC075014294E19A700BB3534 /* Colors.swift in Sources */,
				DC9CF2A52976F64D00F41657 /* CircleButtonView.swift in Sources */,
				DCFE6E34293F9B8800C4F23E /* SwiftUI_Crypto_2App.swift in Sources */,
				DC9CF2AC2980324C00F41657 /* CircleButtonAnimationView.swift in Sources */,
				DC9CF2AF29852F2600F41657 /* CoinModel.swift in Sources */,
			);
			runOnlyForDeploymentPostprocessing = 0;
		};
/* End PBXSourcesBuildPhase section */

/* Begin XCBuildConfiguration section */
		DCFE6E3C293F9B8B00C4F23E /* Debug */ = {
			isa = XCBuildConfiguration;
			buildSettings = {
				ALWAYS_SEARCH_USER_PATHS = NO;
				CLANG_ANALYZER_NONNULL = YES;
				CLANG_ANALYZER_NUMBER_OBJECT_CONVERSION = YES_AGGRESSIVE;
				CLANG_CXX_LANGUAGE_STANDARD = "gnu++20";
				CLANG_ENABLE_MODULES = YES;
				CLANG_ENABLE_OBJC_ARC = YES;
				CLANG_ENABLE_OBJC_WEAK = YES;
				CLANG_WARN_BLOCK_CAPTURE_AUTORELEASING = YES;
				CLANG_WARN_BOOL_CONVERSION = YES;
				CLANG_WARN_COMMA = YES;
				CLANG_WARN_CONSTANT_CONVERSION = YES;
				CLANG_WARN_DEPRECATED_OBJC_IMPLEMENTATIONS = YES;
				CLANG_WARN_DIRECT_OBJC_ISA_USAGE = YES_ERROR;
				CLANG_WARN_DOCUMENTATION_COMMENTS = YES;
				CLANG_WARN_EMPTY_BODY = YES;
				CLANG_WARN_ENUM_CONVERSION = YES;
				CLANG_WARN_INFINITE_RECURSION = YES;
				CLANG_WARN_INT_CONVERSION = YES;
				CLANG_WARN_NON_LITERAL_NULL_CONVERSION = YES;
				CLANG_WARN_OBJC_IMPLICIT_RETAIN_SELF = YES;
				CLANG_WARN_OBJC_LITERAL_CONVERSION = YES;
				CLANG_WARN_OBJC_ROOT_CLASS = YES_ERROR;
				CLANG_WARN_QUOTED_INCLUDE_IN_FRAMEWORK_HEADER = YES;
				CLANG_WARN_RANGE_LOOP_ANALYSIS = YES;
				CLANG_WARN_STRICT_PROTOTYPES = YES;
				CLANG_WARN_SUSPICIOUS_MOVE = YES;
				CLANG_WARN_UNGUARDED_AVAILABILITY = YES_AGGRESSIVE;
				CLANG_WARN_UNREACHABLE_CODE = YES;
				CLANG_WARN__DUPLICATE_METHOD_MATCH = YES;
				COPY_PHASE_STRIP = NO;
				DEBUG_INFORMATION_FORMAT = dwarf;
				ENABLE_STRICT_OBJC_MSGSEND = YES;
				ENABLE_TESTABILITY = YES;
				GCC_C_LANGUAGE_STANDARD = gnu11;
				GCC_DYNAMIC_NO_PIC = NO;
				GCC_NO_COMMON_BLOCKS = YES;
				GCC_OPTIMIZATION_LEVEL = 0;
				GCC_PREPROCESSOR_DEFINITIONS = (
					"DEBUG=1",
					"$(inherited)",
				);
				GCC_WARN_64_TO_32_BIT_CONVERSION = YES;
				GCC_WARN_ABOUT_RETURN_TYPE = YES_ERROR;
				GCC_WARN_UNDECLARED_SELECTOR = YES;
				GCC_WARN_UNINITIALIZED_AUTOS = YES_AGGRESSIVE;
				GCC_WARN_UNUSED_FUNCTION = YES;
				GCC_WARN_UNUSED_VARIABLE = YES;
				IPHONEOS_DEPLOYMENT_TARGET = 16.1;
				MTL_ENABLE_DEBUG_INFO = INCLUDE_SOURCE;
				MTL_FAST_MATH = YES;
				ONLY_ACTIVE_ARCH = YES;
				SDKROOT = iphoneos;
				SWIFT_ACTIVE_COMPILATION_CONDITIONS = DEBUG;
				SWIFT_OPTIMIZATION_LEVEL = "-Onone";
			};
			name = Debug;
		};
		DCFE6E3D293F9B8B00C4F23E /* Release */ = {
			isa = XCBuildConfiguration;
			buildSettings = {
				ALWAYS_SEARCH_USER_PATHS = NO;
				CLANG_ANALYZER_NONNULL = YES;
				CLANG_ANALYZER_NUMBER_OBJECT_CONVERSION = YES_AGGRESSIVE;
				CLANG_CXX_LANGUAGE_STANDARD = "gnu++20";
				CLANG_ENABLE_MODULES = YES;
				CLANG_ENABLE_OBJC_ARC = YES;
				CLANG_ENABLE_OBJC_WEAK = YES;
				CLANG_WARN_BLOCK_CAPTURE_AUTORELEASING = YES;
				CLANG_WARN_BOOL_CONVERSION = YES;
				CLANG_WARN_COMMA = YES;
				CLANG_WARN_CONSTANT_CONVERSION = YES;
				CLANG_WARN_DEPRECATED_OBJC_IMPLEMENTATIONS = YES;
				CLANG_WARN_DIRECT_OBJC_ISA_USAGE = YES_ERROR;
				CLANG_WARN_DOCUMENTATION_COMMENTS = YES;
				CLANG_WARN_EMPTY_BODY = YES;
				CLANG_WARN_ENUM_CONVERSION = YES;
				CLANG_WARN_INFINITE_RECURSION = YES;
				CLANG_WARN_INT_CONVERSION = YES;
				CLANG_WARN_NON_LITERAL_NULL_CONVERSION = YES;
				CLANG_WARN_OBJC_IMPLICIT_RETAIN_SELF = YES;
				CLANG_WARN_OBJC_LITERAL_CONVERSION = YES;
				CLANG_WARN_OBJC_ROOT_CLASS = YES_ERROR;
				CLANG_WARN_QUOTED_INCLUDE_IN_FRAMEWORK_HEADER = YES;
				CLANG_WARN_RANGE_LOOP_ANALYSIS = YES;
				CLANG_WARN_STRICT_PROTOTYPES = YES;
				CLANG_WARN_SUSPICIOUS_MOVE = YES;
				CLANG_WARN_UNGUARDED_AVAILABILITY = YES_AGGRESSIVE;
				CLANG_WARN_UNREACHABLE_CODE = YES;
				CLANG_WARN__DUPLICATE_METHOD_MATCH = YES;
				COPY_PHASE_STRIP = NO;
				DEBUG_INFORMATION_FORMAT = "dwarf-with-dsym";
				ENABLE_NS_ASSERTIONS = NO;
				ENABLE_STRICT_OBJC_MSGSEND = YES;
				GCC_C_LANGUAGE_STANDARD = gnu11;
				GCC_NO_COMMON_BLOCKS = YES;
				GCC_WARN_64_TO_32_BIT_CONVERSION = YES;
				GCC_WARN_ABOUT_RETURN_TYPE = YES_ERROR;
				GCC_WARN_UNDECLARED_SELECTOR = YES;
				GCC_WARN_UNINITIALIZED_AUTOS = YES_AGGRESSIVE;
				GCC_WARN_UNUSED_FUNCTION = YES;
				GCC_WARN_UNUSED_VARIABLE = YES;
				IPHONEOS_DEPLOYMENT_TARGET = 16.1;
				MTL_ENABLE_DEBUG_INFO = NO;
				MTL_FAST_MATH = YES;
				SDKROOT = iphoneos;
				SWIFT_COMPILATION_MODE = wholemodule;
				SWIFT_OPTIMIZATION_LEVEL = "-O";
				VALIDATE_PRODUCT = YES;
			};
			name = Release;
		};
		DCFE6E3F293F9B8B00C4F23E /* Debug */ = {
			isa = XCBuildConfiguration;
			buildSettings = {
				ASSETCATALOG_COMPILER_APPICON_NAME = AppIcon;
				ASSETCATALOG_COMPILER_GLOBAL_ACCENT_COLOR_NAME = AccentColor;
				CODE_SIGN_STYLE = Automatic;
				CURRENT_PROJECT_VERSION = 1;
				DEVELOPMENT_ASSET_PATHS = "\"SwiftUI Crypto#2/Preview Content\"";
				DEVELOPMENT_TEAM = 9786TSAYF2;
				ENABLE_PREVIEWS = YES;
				GENERATE_INFOPLIST_FILE = YES;
				INFOPLIST_KEY_UIApplicationSceneManifest_Generation = YES;
				INFOPLIST_KEY_UIApplicationSupportsIndirectInputEvents = YES;
				INFOPLIST_KEY_UILaunchScreen_Generation = YES;
				INFOPLIST_KEY_UISupportedInterfaceOrientations_iPad = "UIInterfaceOrientationPortrait UIInterfaceOrientationPortraitUpsideDown UIInterfaceOrientationLandscapeLeft UIInterfaceOrientationLandscapeRight";
				INFOPLIST_KEY_UISupportedInterfaceOrientations_iPhone = "UIInterfaceOrientationPortrait UIInterfaceOrientationLandscapeLeft UIInterfaceOrientationLandscapeRight";
				LD_RUNPATH_SEARCH_PATHS = (
					"$(inherited)",
					"@executable_path/Frameworks",
				);
				MARKETING_VERSION = 1.0;
				PRODUCT_BUNDLE_IDENTIFIER = "Kamonpan.SwiftUI-Crypto-2";
				PRODUCT_NAME = "$(TARGET_NAME)";
				SWIFT_EMIT_LOC_STRINGS = YES;
				SWIFT_VERSION = 5.0;
				TARGETED_DEVICE_FAMILY = "1,2";
			};
			name = Debug;
		};
		DCFE6E40293F9B8B00C4F23E /* Release */ = {
			isa = XCBuildConfiguration;
			buildSettings = {
				ASSETCATALOG_COMPILER_APPICON_NAME = AppIcon;
				ASSETCATALOG_COMPILER_GLOBAL_ACCENT_COLOR_NAME = AccentColor;
				CODE_SIGN_STYLE = Automatic;
				CURRENT_PROJECT_VERSION = 1;
				DEVELOPMENT_ASSET_PATHS = "\"SwiftUI Crypto#2/Preview Content\"";
				DEVELOPMENT_TEAM = 9786TSAYF2;
				ENABLE_PREVIEWS = YES;
				GENERATE_INFOPLIST_FILE = YES;
				INFOPLIST_KEY_UIApplicationSceneManifest_Generation = YES;
				INFOPLIST_KEY_UIApplicationSupportsIndirectInputEvents = YES;
				INFOPLIST_KEY_UILaunchScreen_Generation = YES;
				INFOPLIST_KEY_UISupportedInterfaceOrientations_iPad = "UIInterfaceOrientationPortrait UIInterfaceOrientationPortraitUpsideDown UIInterfaceOrientationLandscapeLeft UIInterfaceOrientationLandscapeRight";
				INFOPLIST_KEY_UISupportedInterfaceOrientations_iPhone = "UIInterfaceOrientationPortrait UIInterfaceOrientationLandscapeLeft UIInterfaceOrientationLandscapeRight";
				LD_RUNPATH_SEARCH_PATHS = (
					"$(inherited)",
					"@executable_path/Frameworks",
				);
				MARKETING_VERSION = 1.0;
				PRODUCT_BUNDLE_IDENTIFIER = "Kamonpan.SwiftUI-Crypto-2";
				PRODUCT_NAME = "$(TARGET_NAME)";
				SWIFT_EMIT_LOC_STRINGS = YES;
				SWIFT_VERSION = 5.0;
				TARGETED_DEVICE_FAMILY = "1,2";
			};
			name = Release;
		};
/* End XCBuildConfiguration section */

/* Begin XCConfigurationList section */
		DCFE6E2B293F9B8800C4F23E /* Build configuration list for PBXProject "SwiftUI Crypto#2" */ = {
			isa = XCConfigurationList;
			buildConfigurations = (
				DCFE6E3C293F9B8B00C4F23E /* Debug */,
				DCFE6E3D293F9B8B00C4F23E /* Release */,
			);
			defaultConfigurationIsVisible = 0;
			defaultConfigurationName = Release;
		};
		DCFE6E3E293F9B8B00C4F23E /* Build configuration list for PBXNativeTarget "SwiftUI Crypto#2" */ = {
			isa = XCConfigurationList;
			buildConfigurations = (
				DCFE6E3F293F9B8B00C4F23E /* Debug */,
				DCFE6E40293F9B8B00C4F23E /* Release */,
			);
			defaultConfigurationIsVisible = 0;
			defaultConfigurationName = Release;
		};
/* End XCConfigurationList section */
	};
	rootObject = DCFE6E28293F9B8800C4F23E /* Project object */;
}
