// !$*UTF8*$!
{
	archiveVersion = 1;
	classes = {
	};
	objectVersion = 56;
	objects = {

/* Begin PBXBuildFile section */
		DC04C594292699A500ADC87C /* SwiftUI_CryptoApp.swift in Sources */ = {isa = PBXBuildFile; fileRef = DC04C593292699A500ADC87C /* SwiftUI_CryptoApp.swift */; };
		DC04C596292699A500ADC87C /* ContentView.swift in Sources */ = {isa = PBXBuildFile; fileRef = DC04C595292699A500ADC87C /* ContentView.swift */; };
		DC04C598292699A800ADC87C /* Assets.xcassets in Resources */ = {isa = PBXBuildFile; fileRef = DC04C597292699A800ADC87C /* Assets.xcassets */; };
		DC04C59B292699A800ADC87C /* Preview Assets.xcassets in Resources */ = {isa = PBXBuildFile; fileRef = DC04C59A292699A800ADC87C /* Preview Assets.xcassets */; };
		DC04C5A329291B1800ADC87C /* Color.swift in Sources */ = {isa = PBXBuildFile; fileRef = DC04C5A229291B1800ADC87C /* Color.swift */; };
		DC04C5A9292A892B00ADC87C /* HomeView.swift in Sources */ = {isa = PBXBuildFile; fileRef = DC04C5A8292A892B00ADC87C /* HomeView.swift */; };
		DC04C5AD292BB01A00ADC87C /* CircleButtonView.swift in Sources */ = {isa = PBXBuildFile; fileRef = DC04C5AC292BB01A00ADC87C /* CircleButtonView.swift */; };
		DC04C5AF292BB54300ADC87C /* CircleButtonAnimationView.swift in Sources */ = {isa = PBXBuildFile; fileRef = DC04C5AE292BB54300ADC87C /* CircleButtonAnimationView.swift */; };
		DC04C5B2292D19C300ADC87C /* CoinModel.swift in Sources */ = {isa = PBXBuildFile; fileRef = DC04C5B1292D19C300ADC87C /* CoinModel.swift */; };
		DC04C5B4292E636B00ADC87C /* PreviewProvider.swift in Sources */ = {isa = PBXBuildFile; fileRef = DC04C5B3292E636B00ADC87C /* PreviewProvider.swift */; };
		DC04C5B6292E685C00ADC87C /* CoinRowView.swift in Sources */ = {isa = PBXBuildFile; fileRef = DC04C5B5292E685C00ADC87C /* CoinRowView.swift */; };
		DC04C5B8292FBB2C00ADC87C /* Double.swift in Sources */ = {isa = PBXBuildFile; fileRef = DC04C5B7292FBB2C00ADC87C /* Double.swift */; };
		DC04C5BA2934D9C300ADC87C /* HomeViewModel.swift in Sources */ = {isa = PBXBuildFile; fileRef = DC04C5B92934D9C300ADC87C /* HomeViewModel.swift */; };
		DC075016294F722800BB3534 /* MarketDataModel.swift in Sources */ = {isa = PBXBuildFile; fileRef = DC075015294F722800BB3534 /* MarketDataModel.swift */; };
		DCFE6E1C2937A68600C4F23E /* CoinDataService.swift in Sources */ = {isa = PBXBuildFile; fileRef = DCFE6E1B2937A68600C4F23E /* CoinDataService.swift */; };
		DCFE6E1F2939FA4100C4F23E /* NetworkingManager.swift in Sources */ = {isa = PBXBuildFile; fileRef = DCFE6E1E2939FA4100C4F23E /* NetworkingManager.swift */; };
		DCFE6E22293F957400C4F23E /* CoinImageView.swift in Sources */ = {isa = PBXBuildFile; fileRef = DCFE6E21293F957400C4F23E /* CoinImageView.swift */; };
		DCFE6E24293F970700C4F23E /* CoinImageService.swift in Sources */ = {isa = PBXBuildFile; fileRef = DCFE6E23293F970700C4F23E /* CoinImageService.swift */; };
		DCFE6E26293F986400C4F23E /* CoinImageViewModel.swift in Sources */ = {isa = PBXBuildFile; fileRef = DCFE6E25293F986400C4F23E /* CoinImageViewModel.swift */; };
		DCFE6E422940F32500C4F23E /* LocalFileManager.swift in Sources */ = {isa = PBXBuildFile; fileRef = DCFE6E412940F32500C4F23E /* LocalFileManager.swift */; };
		DCFE6E472944E94700C4F23E /* SearchBarView.swift in Sources */ = {isa = PBXBuildFile; fileRef = DCFE6E462944E94700C4F23E /* SearchBarView.swift */; };
		DCFE6E49294776D700C4F23E /* UIApplication.swift in Sources */ = {isa = PBXBuildFile; fileRef = DCFE6E48294776D700C4F23E /* UIApplication.swift */; };
		DCFE6E4B2948DDBA00C4F23E /* StatisticModel.swift in Sources */ = {isa = PBXBuildFile; fileRef = DCFE6E4A2948DDBA00C4F23E /* StatisticModel.swift */; };
		DCFE6E4E294A270E00C4F23E /* StatisticView.swift in Sources */ = {isa = PBXBuildFile; fileRef = DCFE6E4D294A270E00C4F23E /* StatisticView.swift */; };
		DCFE6E50294B7A1700C4F23E /* HomeStatsView.swift in Sources */ = {isa = PBXBuildFile; fileRef = DCFE6E4F294B7A1700C4F23E /* HomeStatsView.swift */; };
/* End PBXBuildFile section */

/* Begin PBXFileReference section */
		DC04C590292699A500ADC87C /* SwiftUI Crypto.app */ = {isa = PBXFileReference; explicitFileType = wrapper.application; includeInIndex = 0; path = "SwiftUI Crypto.app"; sourceTree = BUILT_PRODUCTS_DIR; };
		DC04C593292699A500ADC87C /* SwiftUI_CryptoApp.swift */ = {isa = PBXFileReference; lastKnownFileType = sourcecode.swift; path = SwiftUI_CryptoApp.swift; sourceTree = "<group>"; };
		DC04C595292699A500ADC87C /* ContentView.swift */ = {isa = PBXFileReference; lastKnownFileType = sourcecode.swift; path = ContentView.swift; sourceTree = "<group>"; };
		DC04C597292699A800ADC87C /* Assets.xcassets */ = {isa = PBXFileReference; lastKnownFileType = folder.assetcatalog; path = Assets.xcassets; sourceTree = "<group>"; };
		DC04C59A292699A800ADC87C /* Preview Assets.xcassets */ = {isa = PBXFileReference; lastKnownFileType = folder.assetcatalog; path = "Preview Assets.xcassets"; sourceTree = "<group>"; };
		DC04C5A229291B1800ADC87C /* Color.swift */ = {isa = PBXFileReference; lastKnownFileType = sourcecode.swift; path = Color.swift; sourceTree = "<group>"; };
		DC04C5A8292A892B00ADC87C /* HomeView.swift */ = {isa = PBXFileReference; lastKnownFileType = sourcecode.swift; path = HomeView.swift; sourceTree = "<group>"; };
		DC04C5AC292BB01A00ADC87C /* CircleButtonView.swift */ = {isa = PBXFileReference; lastKnownFileType = sourcecode.swift; path = CircleButtonView.swift; sourceTree = "<group>"; };
		DC04C5AE292BB54300ADC87C /* CircleButtonAnimationView.swift */ = {isa = PBXFileReference; lastKnownFileType = sourcecode.swift; path = CircleButtonAnimationView.swift; sourceTree = "<group>"; };
		DC04C5B1292D19C300ADC87C /* CoinModel.swift */ = {isa = PBXFileReference; lastKnownFileType = sourcecode.swift; path = CoinModel.swift; sourceTree = "<group>"; };
		DC04C5B3292E636B00ADC87C /* PreviewProvider.swift */ = {isa = PBXFileReference; lastKnownFileType = sourcecode.swift; path = PreviewProvider.swift; sourceTree = "<group>"; };
		DC04C5B5292E685C00ADC87C /* CoinRowView.swift */ = {isa = PBXFileReference; lastKnownFileType = sourcecode.swift; path = CoinRowView.swift; sourceTree = "<group>"; };
		DC04C5B7292FBB2C00ADC87C /* Double.swift */ = {isa = PBXFileReference; lastKnownFileType = sourcecode.swift; path = Double.swift; sourceTree = "<group>"; };
		DC04C5B92934D9C300ADC87C /* HomeViewModel.swift */ = {isa = PBXFileReference; lastKnownFileType = sourcecode.swift; path = HomeViewModel.swift; sourceTree = "<group>"; };
		DC075015294F722800BB3534 /* MarketDataModel.swift */ = {isa = PBXFileReference; lastKnownFileType = sourcecode.swift; path = MarketDataModel.swift; sourceTree = "<group>"; };
		DCFE6E1B2937A68600C4F23E /* CoinDataService.swift */ = {isa = PBXFileReference; lastKnownFileType = sourcecode.swift; path = CoinDataService.swift; sourceTree = "<group>"; };
		DCFE6E1E2939FA4100C4F23E /* NetworkingManager.swift */ = {isa = PBXFileReference; lastKnownFileType = sourcecode.swift; path = NetworkingManager.swift; sourceTree = "<group>"; };
		DCFE6E21293F957400C4F23E /* CoinImageView.swift */ = {isa = PBXFileReference; lastKnownFileType = sourcecode.swift; path = CoinImageView.swift; sourceTree = "<group>"; };
		DCFE6E23293F970700C4F23E /* CoinImageService.swift */ = {isa = PBXFileReference; lastKnownFileType = sourcecode.swift; path = CoinImageService.swift; sourceTree = "<group>"; };
		DCFE6E25293F986400C4F23E /* CoinImageViewModel.swift */ = {isa = PBXFileReference; lastKnownFileType = sourcecode.swift; path = CoinImageViewModel.swift; sourceTree = "<group>"; };
		DCFE6E412940F32500C4F23E /* LocalFileManager.swift */ = {isa = PBXFileReference; lastKnownFileType = sourcecode.swift; path = LocalFileManager.swift; sourceTree = "<group>"; };
		DCFE6E462944E94700C4F23E /* SearchBarView.swift */ = {isa = PBXFileReference; lastKnownFileType = sourcecode.swift; path = SearchBarView.swift; sourceTree = "<group>"; };
		DCFE6E48294776D700C4F23E /* UIApplication.swift */ = {isa = PBXFileReference; lastKnownFileType = sourcecode.swift; path = UIApplication.swift; sourceTree = "<group>"; };
		DCFE6E4A2948DDBA00C4F23E /* StatisticModel.swift */ = {isa = PBXFileReference; lastKnownFileType = sourcecode.swift; path = StatisticModel.swift; sourceTree = "<group>"; };
		DCFE6E4D294A270E00C4F23E /* StatisticView.swift */ = {isa = PBXFileReference; lastKnownFileType = sourcecode.swift; path = StatisticView.swift; sourceTree = "<group>"; };
		DCFE6E4F294B7A1700C4F23E /* HomeStatsView.swift */ = {isa = PBXFileReference; lastKnownFileType = sourcecode.swift; path = HomeStatsView.swift; sourceTree = "<group>"; };
/* End PBXFileReference section */

/* Begin PBXFrameworksBuildPhase section */
		DC04C58D292699A500ADC87C /* Frameworks */ = {
			isa = PBXFrameworksBuildPhase;
			buildActionMask = 2147483647;
			files = (
			);
			runOnlyForDeploymentPostprocessing = 0;
		};
/* End PBXFrameworksBuildPhase section */

/* Begin PBXGroup section */
		DC04C587292699A500ADC87C = {
			isa = PBXGroup;
			children = (
				DC04C592292699A500ADC87C /* SwiftUI Crypto */,
				DC04C591292699A500ADC87C /* Products */,
			);
			sourceTree = "<group>";
		};
		DC04C591292699A500ADC87C /* Products */ = {
			isa = PBXGroup;
			children = (
				DC04C590292699A500ADC87C /* SwiftUI Crypto.app */,
			);
			name = Products;
			sourceTree = "<group>";
		};
		DC04C592292699A500ADC87C /* SwiftUI Crypto */ = {
			isa = PBXGroup;
			children = (
				DCFE6E1D2939FA2700C4F23E /* Utilities */,
				DCFE6E1A2937A66D00C4F23E /* Service */,
				DC04C5B0292D19B300ADC87C /* Model */,
				DC04C5A4292A88EA00ADC87C /* Core */,
				DC04C5A129291AFD00ADC87C /* Extensions */,
				DC04C593292699A500ADC87C /* SwiftUI_CryptoApp.swift */,
				DC04C595292699A500ADC87C /* ContentView.swift */,
				DC04C597292699A800ADC87C /* Assets.xcassets */,
				DC04C599292699A800ADC87C /* Preview Content */,
			);
			path = "SwiftUI Crypto";
			sourceTree = "<group>";
		};
		DC04C599292699A800ADC87C /* Preview Content */ = {
			isa = PBXGroup;
			children = (
				DC04C59A292699A800ADC87C /* Preview Assets.xcassets */,
			);
			path = "Preview Content";
			sourceTree = "<group>";
		};
		DC04C5A129291AFD00ADC87C /* Extensions */ = {
			isa = PBXGroup;
			children = (
				DC04C5A229291B1800ADC87C /* Color.swift */,
				DC04C5B3292E636B00ADC87C /* PreviewProvider.swift */,
				DC04C5B7292FBB2C00ADC87C /* Double.swift */,
				DCFE6E48294776D700C4F23E /* UIApplication.swift */,
			);
			path = Extensions;
			sourceTree = "<group>";
		};
		DC04C5A4292A88EA00ADC87C /* Core */ = {
			isa = PBXGroup;
			children = (
				DC04C5AA292BAFF600ADC87C /* Component */,
				DC04C5A5292A88F200ADC87C /* Home */,
			);
			path = Core;
			sourceTree = "<group>";
		};
		DC04C5A5292A88F200ADC87C /* Home */ = {
			isa = PBXGroup;
			children = (
				DC04C5A7292A890600ADC87C /* View */,
				DC04C5A6292A88FA00ADC87C /* ViewModel */,
			);
			path = Home;
			sourceTree = "<group>";
		};
		DC04C5A6292A88FA00ADC87C /* ViewModel */ = {
			isa = PBXGroup;
			children = (
				DC04C5B92934D9C300ADC87C /* HomeViewModel.swift */,
				DCFE6E25293F986400C4F23E /* CoinImageViewModel.swift */,
			);
			path = ViewModel;
			sourceTree = "<group>";
		};
		DC04C5A7292A890600ADC87C /* View */ = {
			isa = PBXGroup;
			children = (
				DC04C5A8292A892B00ADC87C /* HomeView.swift */,
				DCFE6E4F294B7A1700C4F23E /* HomeStatsView.swift */,
				DC04C5B5292E685C00ADC87C /* CoinRowView.swift */,
			);
			path = View;
			sourceTree = "<group>";
		};
		DC04C5AA292BAFF600ADC87C /* Component */ = {
			isa = PBXGroup;
			children = (
				DCFE6E4C294A26EA00C4F23E /* StatisticView */,
				DCFE6E432944E91E00C4F23E /* SearchBar */,
				DCFE6E20293F956200C4F23E /* CoinImage */,
				DC04C5AB292BB00800ADC87C /* CircleButton */,
			);
			path = Component;
			sourceTree = "<group>";
		};
		DC04C5AB292BB00800ADC87C /* CircleButton */ = {
			isa = PBXGroup;
			children = (
				DC04C5AC292BB01A00ADC87C /* CircleButtonView.swift */,
				DC04C5AE292BB54300ADC87C /* CircleButtonAnimationView.swift */,
			);
			path = CircleButton;
			sourceTree = "<group>";
		};
		DC04C5B0292D19B300ADC87C /* Model */ = {
			isa = PBXGroup;
			children = (
				DC04C5B1292D19C300ADC87C /* CoinModel.swift */,
				DCFE6E4A2948DDBA00C4F23E /* StatisticModel.swift */,
				DC075015294F722800BB3534 /* MarketDataModel.swift */,
			);
			path = Model;
			sourceTree = "<group>";
		};
		DCFE6E1A2937A66D00C4F23E /* Service */ = {
			isa = PBXGroup;
			children = (
				DCFE6E1B2937A68600C4F23E /* CoinDataService.swift */,
				DCFE6E23293F970700C4F23E /* CoinImageService.swift */,
			);
			path = Service;
			sourceTree = "<group>";
		};
		DCFE6E1D2939FA2700C4F23E /* Utilities */ = {
			isa = PBXGroup;
			children = (
				DCFE6E1E2939FA4100C4F23E /* NetworkingManager.swift */,
				DCFE6E412940F32500C4F23E /* LocalFileManager.swift */,
			);
			path = Utilities;
			sourceTree = "<group>";
		};
		DCFE6E20293F956200C4F23E /* CoinImage */ = {
			isa = PBXGroup;
			children = (
				DCFE6E21293F957400C4F23E /* CoinImageView.swift */,
			);
			path = CoinImage;
			sourceTree = "<group>";
		};
		DCFE6E432944E91E00C4F23E /* SearchBar */ = {
			isa = PBXGroup;
			children = (
				DCFE6E462944E94700C4F23E /* SearchBarView.swift */,
			);
			path = SearchBar;
			sourceTree = "<group>";
		};
		DCFE6E4C294A26EA00C4F23E /* StatisticView */ = {
			isa = PBXGroup;
			children = (
				DCFE6E4D294A270E00C4F23E /* StatisticView.swift */,
			);
			path = StatisticView;
			sourceTree = "<group>";
		};
/* End PBXGroup section */

/* Begin PBXNativeTarget section */
		DC04C58F292699A500ADC87C /* SwiftUI Crypto */ = {
			isa = PBXNativeTarget;
			buildConfigurationList = DC04C59E292699A800ADC87C /* Build configuration list for PBXNativeTarget "SwiftUI Crypto" */;
			buildPhases = (
				DC04C58C292699A500ADC87C /* Sources */,
				DC04C58D292699A500ADC87C /* Frameworks */,
				DC04C58E292699A500ADC87C /* Resources */,
			);
			buildRules = (
			);
			dependencies = (
			);
			name = "SwiftUI Crypto";
			productName = "SwiftUI Crypto";
			productReference = DC04C590292699A500ADC87C /* SwiftUI Crypto.app */;
			productType = "com.apple.product-type.application";
		};
/* End PBXNativeTarget section */

/* Begin PBXProject section */
		DC04C588292699A500ADC87C /* Project object */ = {
			isa = PBXProject;
			attributes = {
				BuildIndependentTargetsInParallel = 1;
				LastSwiftUpdateCheck = 1410;
				LastUpgradeCheck = 1410;
				TargetAttributes = {
					DC04C58F292699A500ADC87C = {
						CreatedOnToolsVersion = 14.1;
					};
				};
			};
			buildConfigurationList = DC04C58B292699A500ADC87C /* Build configuration list for PBXProject "SwiftUI Crypto" */;
			compatibilityVersion = "Xcode 14.0";
			developmentRegion = en;
			hasScannedForEncodings = 0;
			knownRegions = (
				en,
				Base,
			);
			mainGroup = DC04C587292699A500ADC87C;
			productRefGroup = DC04C591292699A500ADC87C /* Products */;
			projectDirPath = "";
			projectRoot = "";
			targets = (
				DC04C58F292699A500ADC87C /* SwiftUI Crypto */,
			);
		};
/* End PBXProject section */

/* Begin PBXResourcesBuildPhase section */
		DC04C58E292699A500ADC87C /* Resources */ = {
			isa = PBXResourcesBuildPhase;
			buildActionMask = 2147483647;
			files = (
				DC04C59B292699A800ADC87C /* Preview Assets.xcassets in Resources */,
				DC04C598292699A800ADC87C /* Assets.xcassets in Resources */,
			);
			runOnlyForDeploymentPostprocessing = 0;
		};
/* End PBXResourcesBuildPhase section */

/* Begin PBXSourcesBuildPhase section */
		DC04C58C292699A500ADC87C /* Sources */ = {
			isa = PBXSourcesBuildPhase;
			buildActionMask = 2147483647;
			files = (
				DCFE6E4B2948DDBA00C4F23E /* StatisticModel.swift in Sources */,
				DCFE6E1C2937A68600C4F23E /* CoinDataService.swift in Sources */,
				DC04C5B6292E685C00ADC87C /* CoinRowView.swift in Sources */,
				DC04C5BA2934D9C300ADC87C /* HomeViewModel.swift in Sources */,
				DC04C596292699A500ADC87C /* ContentView.swift in Sources */,
				DCFE6E422940F32500C4F23E /* LocalFileManager.swift in Sources */,
				DC075016294F722800BB3534 /* MarketDataModel.swift in Sources */,
				DC04C5A9292A892B00ADC87C /* HomeView.swift in Sources */,
				DCFE6E4E294A270E00C4F23E /* StatisticView.swift in Sources */,
				DCFE6E22293F957400C4F23E /* CoinImageView.swift in Sources */,
				DC04C594292699A500ADC87C /* SwiftUI_CryptoApp.swift in Sources */,
				DCFE6E49294776D700C4F23E /* UIApplication.swift in Sources */,
				DC04C5AD292BB01A00ADC87C /* CircleButtonView.swift in Sources */,
				DC04C5A329291B1800ADC87C /* Color.swift in Sources */,
				DCFE6E472944E94700C4F23E /* SearchBarView.swift in Sources */,
				DCFE6E1F2939FA4100C4F23E /* NetworkingManager.swift in Sources */,
				DCFE6E50294B7A1700C4F23E /* HomeStatsView.swift in Sources */,
				DC04C5B4292E636B00ADC87C /* PreviewProvider.swift in Sources */,
				DCFE6E26293F986400C4F23E /* CoinImageViewModel.swift in Sources */,
				DC04C5AF292BB54300ADC87C /* CircleButtonAnimationView.swift in Sources */,
				DC04C5B8292FBB2C00ADC87C /* Double.swift in Sources */,
				DCFE6E24293F970700C4F23E /* CoinImageService.swift in Sources */,
				DC04C5B2292D19C300ADC87C /* CoinModel.swift in Sources */,
			);
			runOnlyForDeploymentPostprocessing = 0;
		};
/* End PBXSourcesBuildPhase section */

/* Begin XCBuildConfiguration section */
		DC04C59C292699A800ADC87C /* Debug */ = {
			isa = XCBuildConfiguration;
			buildSettings = {
				ALWAYS_SEARCH_USER_PATHS = NO;
				CLANG_ANALYZER_NONNULL = YES;
				CLANG_ANALYZER_NUMBER_OBJECT_CONVERSION = YES_AGGRESSIVE;
				CLANG_CXX_LANGUAGE_STANDARD = "gnu++20";
				CLANG_ENABLE_MODULES = YES;
				CLANG_ENABLE_OBJC_ARC = YES;
				CLANG_ENABLE_OBJC_WEAK = YES;
				CLANG_WARN_BLOCK_CAPTURE_AUTORELEASING = YES;
				CLANG_WARN_BOOL_CONVERSION = YES;
				CLANG_WARN_COMMA = YES;
				CLANG_WARN_CONSTANT_CONVERSION = YES;
				CLANG_WARN_DEPRECATED_OBJC_IMPLEMENTATIONS = YES;
				CLANG_WARN_DIRECT_OBJC_ISA_USAGE = YES_ERROR;
				CLANG_WARN_DOCUMENTATION_COMMENTS = YES;
				CLANG_WARN_EMPTY_BODY = YES;
				CLANG_WARN_ENUM_CONVERSION = YES;
				CLANG_WARN_INFINITE_RECURSION = YES;
				CLANG_WARN_INT_CONVERSION = YES;
				CLANG_WARN_NON_LITERAL_NULL_CONVERSION = YES;
				CLANG_WARN_OBJC_IMPLICIT_RETAIN_SELF = YES;
				CLANG_WARN_OBJC_LITERAL_CONVERSION = YES;
				CLANG_WARN_OBJC_ROOT_CLASS = YES_ERROR;
				CLANG_WARN_QUOTED_INCLUDE_IN_FRAMEWORK_HEADER = YES;
				CLANG_WARN_RANGE_LOOP_ANALYSIS = YES;
				CLANG_WARN_STRICT_PROTOTYPES = YES;
				CLANG_WARN_SUSPICIOUS_MOVE = YES;
				CLANG_WARN_UNGUARDED_AVAILABILITY = YES_AGGRESSIVE;
				CLANG_WARN_UNREACHABLE_CODE = YES;
				CLANG_WARN__DUPLICATE_METHOD_MATCH = YES;
				COPY_PHASE_STRIP = NO;
				DEBUG_INFORMATION_FORMAT = dwarf;
				ENABLE_STRICT_OBJC_MSGSEND = YES;
				ENABLE_TESTABILITY = YES;
				GCC_C_LANGUAGE_STANDARD = gnu11;
				GCC_DYNAMIC_NO_PIC = NO;
				GCC_NO_COMMON_BLOCKS = YES;
				GCC_OPTIMIZATION_LEVEL = 0;
				GCC_PREPROCESSOR_DEFINITIONS = (
					"DEBUG=1",
					"$(inherited)",
				);
				GCC_WARN_64_TO_32_BIT_CONVERSION = YES;
				GCC_WARN_ABOUT_RETURN_TYPE = YES_ERROR;
				GCC_WARN_UNDECLARED_SELECTOR = YES;
				GCC_WARN_UNINITIALIZED_AUTOS = YES_AGGRESSIVE;
				GCC_WARN_UNUSED_FUNCTION = YES;
				GCC_WARN_UNUSED_VARIABLE = YES;
				IPHONEOS_DEPLOYMENT_TARGET = 16.1;
				MTL_ENABLE_DEBUG_INFO = INCLUDE_SOURCE;
				MTL_FAST_MATH = YES;
				ONLY_ACTIVE_ARCH = YES;
				SDKROOT = iphoneos;
				SWIFT_ACTIVE_COMPILATION_CONDITIONS = DEBUG;
				SWIFT_OPTIMIZATION_LEVEL = "-Onone";
			};
			name = Debug;
		};
		DC04C59D292699A800ADC87C /* Release */ = {
			isa = XCBuildConfiguration;
			buildSettings = {
				ALWAYS_SEARCH_USER_PATHS = NO;
				CLANG_ANALYZER_NONNULL = YES;
				CLANG_ANALYZER_NUMBER_OBJECT_CONVERSION = YES_AGGRESSIVE;
				CLANG_CXX_LANGUAGE_STANDARD = "gnu++20";
				CLANG_ENABLE_MODULES = YES;
				CLANG_ENABLE_OBJC_ARC = YES;
				CLANG_ENABLE_OBJC_WEAK = YES;
				CLANG_WARN_BLOCK_CAPTURE_AUTORELEASING = YES;
				CLANG_WARN_BOOL_CONVERSION = YES;
				CLANG_WARN_COMMA = YES;
				CLANG_WARN_CONSTANT_CONVERSION = YES;
				CLANG_WARN_DEPRECATED_OBJC_IMPLEMENTATIONS = YES;
				CLANG_WARN_DIRECT_OBJC_ISA_USAGE = YES_ERROR;
				CLANG_WARN_DOCUMENTATION_COMMENTS = YES;
				CLANG_WARN_EMPTY_BODY = YES;
				CLANG_WARN_ENUM_CONVERSION = YES;
				CLANG_WARN_INFINITE_RECURSION = YES;
				CLANG_WARN_INT_CONVERSION = YES;
				CLANG_WARN_NON_LITERAL_NULL_CONVERSION = YES;
				CLANG_WARN_OBJC_IMPLICIT_RETAIN_SELF = YES;
				CLANG_WARN_OBJC_LITERAL_CONVERSION = YES;
				CLANG_WARN_OBJC_ROOT_CLASS = YES_ERROR;
				CLANG_WARN_QUOTED_INCLUDE_IN_FRAMEWORK_HEADER = YES;
				CLANG_WARN_RANGE_LOOP_ANALYSIS = YES;
				CLANG_WARN_STRICT_PROTOTYPES = YES;
				CLANG_WARN_SUSPICIOUS_MOVE = YES;
				CLANG_WARN_UNGUARDED_AVAILABILITY = YES_AGGRESSIVE;
				CLANG_WARN_UNREACHABLE_CODE = YES;
				CLANG_WARN__DUPLICATE_METHOD_MATCH = YES;
				COPY_PHASE_STRIP = NO;
				DEBUG_INFORMATION_FORMAT = "dwarf-with-dsym";
				ENABLE_NS_ASSERTIONS = NO;
				ENABLE_STRICT_OBJC_MSGSEND = YES;
				GCC_C_LANGUAGE_STANDARD = gnu11;
				GCC_NO_COMMON_BLOCKS = YES;
				GCC_WARN_64_TO_32_BIT_CONVERSION = YES;
				GCC_WARN_ABOUT_RETURN_TYPE = YES_ERROR;
				GCC_WARN_UNDECLARED_SELECTOR = YES;
				GCC_WARN_UNINITIALIZED_AUTOS = YES_AGGRESSIVE;
				GCC_WARN_UNUSED_FUNCTION = YES;
				GCC_WARN_UNUSED_VARIABLE = YES;
				IPHONEOS_DEPLOYMENT_TARGET = 16.1;
				MTL_ENABLE_DEBUG_INFO = NO;
				MTL_FAST_MATH = YES;
				SDKROOT = iphoneos;
				SWIFT_COMPILATION_MODE = wholemodule;
				SWIFT_OPTIMIZATION_LEVEL = "-O";
				VALIDATE_PRODUCT = YES;
			};
			name = Release;
		};
		DC04C59F292699A800ADC87C /* Debug */ = {
			isa = XCBuildConfiguration;
			buildSettings = {
				ASSETCATALOG_COMPILER_APPICON_NAME = AppIcon;
				ASSETCATALOG_COMPILER_GLOBAL_ACCENT_COLOR_NAME = AccentColor;
				CODE_SIGN_STYLE = Automatic;
				CURRENT_PROJECT_VERSION = 1;
				DEVELOPMENT_ASSET_PATHS = "\"SwiftUI Crypto/Preview Content\"";
				DEVELOPMENT_TEAM = 9786TSAYF2;
				ENABLE_PREVIEWS = YES;
				GENERATE_INFOPLIST_FILE = YES;
				INFOPLIST_KEY_UIApplicationSceneManifest_Generation = YES;
				INFOPLIST_KEY_UIApplicationSupportsIndirectInputEvents = YES;
				INFOPLIST_KEY_UILaunchScreen_Generation = YES;
				INFOPLIST_KEY_UISupportedInterfaceOrientations = UIInterfaceOrientationPortrait;
				LD_RUNPATH_SEARCH_PATHS = (
					"$(inherited)",
					"@executable_path/Frameworks",
				);
				MARKETING_VERSION = 1.0;
				PRODUCT_BUNDLE_IDENTIFIER = "Kamonpan.SwiftUI-Crypto";
				PRODUCT_NAME = "$(TARGET_NAME)";
				SWIFT_EMIT_LOC_STRINGS = YES;
				SWIFT_VERSION = 5.0;
				TARGETED_DEVICE_FAMILY = "1,2";
			};
			name = Debug;
		};
		DC04C5A0292699A800ADC87C /* Release */ = {
			isa = XCBuildConfiguration;
			buildSettings = {
				ASSETCATALOG_COMPILER_APPICON_NAME = AppIcon;
				ASSETCATALOG_COMPILER_GLOBAL_ACCENT_COLOR_NAME = AccentColor;
				CODE_SIGN_STYLE = Automatic;
				CURRENT_PROJECT_VERSION = 1;
				DEVELOPMENT_ASSET_PATHS = "\"SwiftUI Crypto/Preview Content\"";
				DEVELOPMENT_TEAM = 9786TSAYF2;
				ENABLE_PREVIEWS = YES;
				GENERATE_INFOPLIST_FILE = YES;
				INFOPLIST_KEY_UIApplicationSceneManifest_Generation = YES;
				INFOPLIST_KEY_UIApplicationSupportsIndirectInputEvents = YES;
				INFOPLIST_KEY_UILaunchScreen_Generation = YES;
				INFOPLIST_KEY_UISupportedInterfaceOrientations = UIInterfaceOrientationPortrait;
				LD_RUNPATH_SEARCH_PATHS = (
					"$(inherited)",
					"@executable_path/Frameworks",
				);
				MARKETING_VERSION = 1.0;
				PRODUCT_BUNDLE_IDENTIFIER = "Kamonpan.SwiftUI-Crypto";
				PRODUCT_NAME = "$(TARGET_NAME)";
				SWIFT_EMIT_LOC_STRINGS = YES;
				SWIFT_VERSION = 5.0;
				TARGETED_DEVICE_FAMILY = "1,2";
			};
			name = Release;
		};
/* End XCBuildConfiguration section */

/* Begin XCConfigurationList section */
		DC04C58B292699A500ADC87C /* Build configuration list for PBXProject "SwiftUI Crypto" */ = {
			isa = XCConfigurationList;
			buildConfigurations = (
				DC04C59C292699A800ADC87C /* Debug */,
				DC04C59D292699A800ADC87C /* Release */,
			);
			defaultConfigurationIsVisible = 0;
			defaultConfigurationName = Release;
		};
		DC04C59E292699A800ADC87C /* Build configuration list for PBXNativeTarget "SwiftUI Crypto" */ = {
			isa = XCConfigurationList;
			buildConfigurations = (
				DC04C59F292699A800ADC87C /* Debug */,
				DC04C5A0292699A800ADC87C /* Release */,
			);
			defaultConfigurationIsVisible = 0;
			defaultConfigurationName = Release;
		};
/* End XCConfigurationList section */
	};
	rootObject = DC04C588292699A500ADC87C /* Project object */;
}
